
Microsoft Visual Studio Solution File, Format Version 12.00
# Visual Studio Version 16
VisualStudioVersion = 16.0.32106.194
MinimumVisualStudioVersion = 10.0.40219.1
Project("{FAE04EC0-301F-11D3-BF4B-00C04F79EFBC}") = "EmployeesCh12", "EmployeesCh12\EmployeesCh12.csproj", "{119CD747-73FC-402D-8835-A24E16F2486D}"
EndProject
Global
	GlobalSection(SolutionConfigurationPlatforms) = preSolution
		Debug|Any CPU = Debug|Any CPU
		Release|Any CPU = Release|Any CPU
	EndGlobalSection
	GlobalSection(ProjectConfigurationPlatforms) = postSolution
		{119CD747-73FC-402D-8835-A24E16F2486D}.Debug|Any CPU.ActiveCfg = Debug|Any CPU
		{119CD747-73FC-402D-8835-A24E16F2486D}.Debug|Any CPU.Build.0 = Debug|Any CPU
		{119CD747-73FC-402D-8835-A24E16F2486D}.Release|Any CPU.ActiveCfg = Release|Any CPU
		{119CD747-73FC-402D-8835-A24E16F2486D}.Release|Any CPU.Build.0 = Release|Any CPU
	EndGlobalSection
	GlobalSection(SolutionProperties) = preSolution
		HideSolutionNode = FALSE
	EndGlobalSection
	GlobalSection(ExtensibilityGlobals) = postSolution
		SolutionGuid = {0AF1DF6C-C40D-4F9E-9B61-6AB930427B7C}
	EndGlobalSection
EndGlobal
